{
  "name": "webrtc-aec3-runner",
  "version": "1.0.0",
  "lockfileVersion": 3,
  "requires": true,
  "packages": {
    "": {
      "name": "webrtc-aec3-runner",
      "version": "1.0.0",
      "dependencies": {
        "@ennuicastr/webrtcaec3.js": "^0.3.0"
      }
    },
    "node_modules/@ennuicastr/webrtcaec3.js": {
      "version": "0.3.0",
      "resolved": "https://registry.npmjs.org/@ennuicastr/webrtcaec3.js/-/webrtcaec3.js-0.3.0.tgz",
      "integrity": "sha512-ZfijX3Pzqr2zY2nTBE+APGB4X8q3up5vqQgmuolCvC2WTYYWvivf3GGVFZnTr6n/kZa9w3Y5P4ugwcrOmsqXZQ=="
    }
  }
}
